
Microsoft Visual Studio Solution File, Format Version 12.00
# Visual Studio Version 16
VisualStudioVersion = 16.0.32228.343
MinimumVisualStudioVersion = 10.0.40219.1
Project("{FAE04EC0-301F-11D3-BF4B-00C04F79EFBC}") = "BulaDigital", "BulaDigital\BulaDigital.csproj", "{1B2D064E-34D4-4CD5-8097-183D1C906A95}"
EndProject
Global
	GlobalSection(SolutionConfigurationPlatforms) = preSolution
		Debug|Any CPU = Debug|Any CPU
		Release|Any CPU = Release|Any CPU
	EndGlobalSection
	GlobalSection(ProjectConfigurationPlatforms) = postSolution
		{1B2D064E-34D4-4CD5-8097-183D1C906A95}.Debug|Any CPU.ActiveCfg = Debug|Any CPU
		{1B2D064E-34D4-4CD5-8097-183D1C906A95}.Debug|Any CPU.Build.0 = Debug|Any CPU
		{1B2D064E-34D4-4CD5-8097-183D1C906A95}.Release|Any CPU.ActiveCfg = Release|Any CPU
		{1B2D064E-34D4-4CD5-8097-183D1C906A95}.Release|Any CPU.Build.0 = Release|Any CPU
	EndGlobalSection
	GlobalSection(SolutionProperties) = preSolution
		HideSolutionNode = FALSE
	EndGlobalSection
	GlobalSection(ExtensibilityGlobals) = postSolution
		SolutionGuid = {DBA37AF7-E3F4-463B-BB1E-6495E1D754AC}
	EndGlobalSection
EndGlobal
